// !$*UTF8*$!
{
	archiveVersion = 1;
	classes = {
	};
	objectVersion = 50;
	objects = {

/* Begin PBXBuildFile section */
		11938478229FE78C00885C02 /* AppDelegate.swift in Sources */ = {isa = PBXBuildFile; fileRef = 11938477229FE78C00885C02 /* AppDelegate.swift */; };
		1193847A229FE78C00885C02 /* ViewController.swift in Sources */ = {isa = PBXBuildFile; fileRef = 11938479229FE78C00885C02 /* ViewController.swift */; };
		1193847D229FE78C00885C02 /* Main.storyboard in Resources */ = {isa = PBXBuildFile; fileRef = 1193847B229FE78C00885C02 /* Main.storyboard */; };
		11938480229FE78C00885C02 /* UnitTestsSwift.xcdatamodeld in Sources */ = {isa = PBXBuildFile; fileRef = 1193847E229FE78C00885C02 /* UnitTestsSwift.xcdatamodeld */; };
		11938482229FE79100885C02 /* Assets.xcassets in Resources */ = {isa = PBXBuildFile; fileRef = 11938481229FE79100885C02 /* Assets.xcassets */; };
		11938485229FE79100885C02 /* LaunchScreen.storyboard in Resources */ = {isa = PBXBuildFile; fileRef = 11938483229FE79100885C02 /* LaunchScreen.storyboard */; };
		11938490229FE79100885C02 /* UnitTestsSwiftTests.swift in Sources */ = {isa = PBXBuildFile; fileRef = 1193848F229FE79100885C02 /* UnitTestsSwiftTests.swift */; };
/* End PBXBuildFile section */

/* Begin PBXContainerItemProxy section */
		1193848C229FE79100885C02 /* PBXContainerItemProxy */ = {
			isa = PBXContainerItemProxy;
			containerPortal = 1193846C229FE78C00885C02 /* Project object */;
			proxyType = 1;
			remoteGlobalIDString = 11938473229FE78C00885C02;
			remoteInfo = UnitTestsSwift;
		};
/* End PBXContainerItemProxy section */

/* Begin PBXFileReference section */
		11938474229FE78C00885C02 /* UnitTestsSwift.app */ = {isa = PBXFileReference; explicitFileType = wrapper.application; includeInIndex = 0; path = UnitTestsSwift.app; sourceTree = BUILT_PRODUCTS_DIR; };
		11938477229FE78C00885C02 /* AppDelegate.swift */ = {isa = PBXFileReference; lastKnownFileType = sourcecode.swift; path = AppDelegate.swift; sourceTree = "<group>"; };
		11938479229FE78C00885C02 /* ViewController.swift */ = {isa = PBXFileReference; lastKnownFileType = sourcecode.swift; path = ViewController.swift; sourceTree = "<group>"; };
		1193847C229FE78C00885C02 /* Base */ = {isa = PBXFileReference; lastKnownFileType = file.storyboard; name = Base; path = Base.lproj/Main.storyboard; sourceTree = "<group>"; };
		1193847F229FE78C00885C02 /* UnitTestsSwift.xcdatamodel */ = {isa = PBXFileReference; lastKnownFileType = wrapper.xcdatamodel; path = UnitTestsSwift.xcdatamodel; sourceTree = "<group>"; };
		11938481229FE79100885C02 /* Assets.xcassets */ = {isa = PBXFileReference; lastKnownFileType = folder.assetcatalog; path = Assets.xcassets; sourceTree = "<group>"; };
		11938484229FE79100885C02 /* Base */ = {isa = PBXFileReference; lastKnownFileType = file.storyboard; name = Base; path = Base.lproj/LaunchScreen.storyboard; sourceTree = "<group>"; };
		11938486229FE79100885C02 /* Info.plist */ = {isa = PBXFileReference; lastKnownFileType = text.plist.xml; path = Info.plist; sourceTree = "<group>"; };
		1193848B229FE79100885C02 /* UnitTestsSwiftTests.xctest */ = {isa = PBXFileReference; explicitFileType = wrapper.cfbundle; includeInIndex = 0; path = UnitTestsSwiftTests.xctest; sourceTree = BUILT_PRODUCTS_DIR; };
		1193848F229FE79100885C02 /* UnitTestsSwiftTests.swift */ = {isa = PBXFileReference; lastKnownFileType = sourcecode.swift; path = UnitTestsSwiftTests.swift; sourceTree = "<group>"; };
		11938491229FE79100885C02 /* Info.plist */ = {isa = PBXFileReference; lastKnownFileType = text.plist.xml; path = Info.plist; sourceTree = "<group>"; };
/* End PBXFileReference section */

/* Begin PBXFrameworksBuildPhase section */
		11938471229FE78C00885C02 /* Frameworks */ = {
			isa = PBXFrameworksBuildPhase;
			buildActionMask = 2147483647;
			files = (
			);
			runOnlyForDeploymentPostprocessing = 0;
		};
		11938488229FE79100885C02 /* Frameworks */ = {
			isa = PBXFrameworksBuildPhase;
			buildActionMask = 2147483647;
			files = (
			);
			runOnlyForDeploymentPostprocessing = 0;
		};
/* End PBXFrameworksBuildPhase section */

/* Begin PBXGroup section */
		1193846B229FE78C00885C02 = {
			isa = PBXGroup;
			children = (
				11938476229FE78C00885C02 /* UnitTestsSwift */,
				1193848E229FE79100885C02 /* UnitTestsSwiftTests */,
				11938475229FE78C00885C02 /* Products */,
			);
			sourceTree = "<group>";
		};
		11938475229FE78C00885C02 /* Products */ = {
			isa = PBXGroup;
			children = (
				11938474229FE78C00885C02 /* UnitTestsSwift.app */,
				1193848B229FE79100885C02 /* UnitTestsSwiftTests.xctest */,
			);
			name = Products;
			sourceTree = "<group>";
		};
		11938476229FE78C00885C02 /* UnitTestsSwift */ = {
			isa = PBXGroup;
			children = (
				11938477229FE78C00885C02 /* AppDelegate.swift */,
				11938479229FE78C00885C02 /* ViewController.swift */,
				1193847B229FE78C00885C02 /* Main.storyboard */,
				11938481229FE79100885C02 /* Assets.xcassets */,
				11938483229FE79100885C02 /* LaunchScreen.storyboard */,
				11938486229FE79100885C02 /* Info.plist */,
				1193847E229FE78C00885C02 /* UnitTestsSwift.xcdatamodeld */,
			);
			path = UnitTestsSwift;
			sourceTree = "<group>";
		};
		1193848E229FE79100885C02 /* UnitTestsSwiftTests */ = {
			isa = PBXGroup;
			children = (
				1193848F229FE79100885C02 /* UnitTestsSwiftTests.swift */,
				11938491229FE79100885C02 /* Info.plist */,
			);
			path = UnitTestsSwiftTests;
			sourceTree = "<group>";
		};
/* End PBXGroup section */

/* Begin PBXNativeTarget section */
		11938473229FE78C00885C02 /* UnitTestsSwift */ = {
			isa = PBXNativeTarget;
			buildConfigurationList = 11938494229FE79100885C02 /* Build configuration list for PBXNativeTarget "UnitTestsSwift" */;
			buildPhases = (
				11938470229FE78C00885C02 /* Sources */,
				11938471229FE78C00885C02 /* Frameworks */,
				11938472229FE78C00885C02 /* Resources */,
			);
			buildRules = (
			);
			dependencies = (
			);
			name = UnitTestsSwift;
			productName = UnitTestsSwift;
			productReference = 11938474229FE78C00885C02 /* UnitTestsSwift.app */;
			productType = "com.apple.product-type.application";
		};
		1193848A229FE79100885C02 /* UnitTestsSwiftTests */ = {
			isa = PBXNativeTarget;
			buildConfigurationList = 11938497229FE79100885C02 /* Build configuration list for PBXNativeTarget "UnitTestsSwiftTests" */;
			buildPhases = (
				11938487229FE79100885C02 /* Sources */,
				11938488229FE79100885C02 /* Frameworks */,
				11938489229FE79100885C02 /* Resources */,
			);
			buildRules = (
			);
			dependencies = (
				1193848D229FE79100885C02 /* PBXTargetDependency */,
			);
			name = UnitTestsSwiftTests;
			productName = UnitTestsSwiftTests;
			productReference = 1193848B229FE79100885C02 /* UnitTestsSwiftTests.xctest */;
			productType = "com.apple.product-type.bundle.unit-test";
		};
/* End PBXNativeTarget section */

/* Begin PBXProject section */
		1193846C229FE78C00885C02 /* Project object */ = {
			isa = PBXProject;
			attributes = {
				LastSwiftUpdateCheck = 1020;
				LastUpgradeCheck = 1020;
				ORGANIZATIONNAME = SMIT;
				TargetAttributes = {
					11938473229FE78C00885C02 = {
						CreatedOnToolsVersion = 10.2.1;
					};
					1193848A229FE79100885C02 = {
						CreatedOnToolsVersion = 10.2.1;
						TestTargetID = 11938473229FE78C00885C02;
					};
				};
			};
			buildConfigurationList = 1193846F229FE78C00885C02 /* Build configuration list for PBXProject "UnitTestsSwift" */;
			compatibilityVersion = "Xcode 9.3";
			developmentRegion = en;
			hasScannedForEncodings = 0;
			knownRegions = (
				en,
				Base,
			);
			mainGroup = 1193846B229FE78C00885C02;
			productRefGroup = 11938475229FE78C00885C02 /* Products */;
			projectDirPath = "";
			projectRoot = "";
			targets = (
				11938473229FE78C00885C02 /* UnitTestsSwift */,
				1193848A229FE79100885C02 /* UnitTestsSwiftTests */,
			);
		};
/* End PBXProject section */

/* Begin PBXResourcesBuildPhase section */
		11938472229FE78C00885C02 /* Resources */ = {
			isa = PBXResourcesBuildPhase;
			buildActionMask = 2147483647;
			files = (
				11938485229FE79100885C02 /* LaunchScreen.storyboard in Resources */,
				11938482229FE79100885C02 /* Assets.xcassets in Resources */,
				1193847D229FE78C00885C02 /* Main.storyboard in Resources */,
			);
			runOnlyForDeploymentPostprocessing = 0;
		};
		11938489229FE79100885C02 /* Resources */ = {
			isa = PBXResourcesBuildPhase;
			buildActionMask = 2147483647;
			files = (
			);
			runOnlyForDeploymentPostprocessing = 0;
		};
/* End PBXResourcesBuildPhase section */

/* Begin PBXSourcesBuildPhase section */
		11938470229FE78C00885C02 /* Sources */ = {
			isa = PBXSourcesBuildPhase;
			buildActionMask = 2147483647;
			files = (
				11938480229FE78C00885C02 /* UnitTestsSwift.xcdatamodeld in Sources */,
				1193847A229FE78C00885C02 /* ViewController.swift in Sources */,
				11938478229FE78C00885C02 /* AppDelegate.swift in Sources */,
			);
			runOnlyForDeploymentPostprocessing = 0;
		};
		11938487229FE79100885C02 /* Sources */ = {
			isa = PBXSourcesBuildPhase;
			buildActionMask = 2147483647;
			files = (
				11938490229FE79100885C02 /* UnitTestsSwiftTests.swift in Sources */,
			);
			runOnlyForDeploymentPostprocessing = 0;
		};
/* End PBXSourcesBuildPhase section */

/* Begin PBXTargetDependency section */
		1193848D229FE79100885C02 /* PBXTargetDependency */ = {
			isa = PBXTargetDependency;
			target = 11938473229FE78C00885C02 /* UnitTestsSwift */;
			targetProxy = 1193848C229FE79100885C02 /* PBXContainerItemProxy */;
		};
/* End PBXTargetDependency section */

/* Begin PBXVariantGroup section */
		1193847B229FE78C00885C02 /* Main.storyboard */ = {
			isa = PBXVariantGroup;
			children = (
				1193847C229FE78C00885C02 /* Base */,
			);
			name = Main.storyboard;
			sourceTree = "<group>";
		};
		11938483229FE79100885C02 /* LaunchScreen.storyboard */ = {
			isa = PBXVariantGroup;
			children = (
				11938484229FE79100885C02 /* Base */,
			);
			name = LaunchScreen.storyboard;
			sourceTree = "<group>";
		};
/* End PBXVariantGroup section */

/* Begin XCBuildConfiguration section */
		11938492229FE79100885C02 /* Debug */ = {
			isa = XCBuildConfiguration;
			buildSettings = {
				ALWAYS_SEARCH_USER_PATHS = NO;
				CLANG_ANALYZER_NONNULL = YES;
				CLANG_ANALYZER_NUMBER_OBJECT_CONVERSION = YES_AGGRESSIVE;
				CLANG_CXX_LANGUAGE_STANDARD = "gnu++14";
				CLANG_CXX_LIBRARY = "libc++";
				CLANG_ENABLE_MODULES = YES;
				CLANG_ENABLE_OBJC_ARC = YES;
				CLANG_ENABLE_OBJC_WEAK = YES;
				CLANG_WARN_BLOCK_CAPTURE_AUTORELEASING = YES;
				CLANG_WARN_BOOL_CONVERSION = YES;
				CLANG_WARN_COMMA = YES;
				CLANG_WARN_CONSTANT_CONVERSION = YES;
				CLANG_WARN_DEPRECATED_OBJC_IMPLEMENTATIONS = YES;
				CLANG_WARN_DIRECT_OBJC_ISA_USAGE = YES_ERROR;
				CLANG_WARN_DOCUMENTATION_COMMENTS = YES;
				CLANG_WARN_EMPTY_BODY = YES;
				CLANG_WARN_ENUM_CONVERSION = YES;
				CLANG_WARN_INFINITE_RECURSION = YES;
				CLANG_WARN_INT_CONVERSION = YES;
				CLANG_WARN_NON_LITERAL_NULL_CONVERSION = YES;
				CLANG_WARN_OBJC_IMPLICIT_RETAIN_SELF = YES;
				CLANG_WARN_OBJC_LITERAL_CONVERSION = YES;
				CLANG_WARN_OBJC_ROOT_CLASS = YES_ERROR;
				CLANG_WARN_RANGE_LOOP_ANALYSIS = YES;
				CLANG_WARN_STRICT_PROTOTYPES = YES;
				CLANG_WARN_SUSPICIOUS_MOVE = YES;
				CLANG_WARN_UNGUARDED_AVAILABILITY = YES_AGGRESSIVE;
				CLANG_WARN_UNREACHABLE_CODE = YES;
				CLANG_WARN__DUPLICATE_METHOD_MATCH = YES;
				CODE_SIGN_IDENTITY = "iPhone Developer";
				COPY_PHASE_STRIP = NO;
				DEBUG_INFORMATION_FORMAT = dwarf;
				ENABLE_STRICT_OBJC_MSGSEND = YES;
				ENABLE_TESTABILITY = YES;
				GCC_C_LANGUAGE_STANDARD = gnu11;
				GCC_DYNAMIC_NO_PIC = NO;
				GCC_NO_COMMON_BLOCKS = YES;
				GCC_OPTIMIZATION_LEVEL = 0;
				GCC_PREPROCESSOR_DEFINITIONS = (
					"DEBUG=1",
					"$(inherited)",
				);
				GCC_WARN_64_TO_32_BIT_CONVERSION = YES;
				GCC_WARN_ABOUT_RETURN_TYPE = YES_ERROR;
				GCC_WARN_UNDECLARED_SELECTOR = YES;
				GCC_WARN_UNINITIALIZED_AUTOS = YES_AGGRESSIVE;
				GCC_WARN_UNUSED_FUNCTION = YES;
				GCC_WARN_UNUSED_VARIABLE = YES;
				IPHONEOS_DEPLOYMENT_TARGET = 12.2;
				MTL_ENABLE_DEBUG_INFO = INCLUDE_SOURCE;
				MTL_FAST_MATH = YES;
				ONLY_ACTIVE_ARCH = YES;
				SDKROOT = iphoneos;
				SWIFT_ACTIVE_COMPILATION_CONDITIONS = DEBUG;
				SWIFT_OPTIMIZATION_LEVEL = "-Onone";
			};
			name = Debug;
		};
		11938493229FE79100885C02 /* Release */ = {
			isa = XCBuildConfiguration;
			buildSettings = {
				ALWAYS_SEARCH_USER_PATHS = NO;
				CLANG_ANALYZER_NONNULL = YES;
				CLANG_ANALYZER_NUMBER_OBJECT_CONVERSION = YES_AGGRESSIVE;
				CLANG_CXX_LANGUAGE_STANDARD = "gnu++14";
				CLANG_CXX_LIBRARY = "libc++";
				CLANG_ENABLE_MODULES = YES;
				CLANG_ENABLE_OBJC_ARC = YES;
				CLANG_ENABLE_OBJC_WEAK = YES;
				CLANG_WARN_BLOCK_CAPTURE_AUTORELEASING = YES;
				CLANG_WARN_BOOL_CONVERSION = YES;
				CLANG_WARN_COMMA = YES;
				CLANG_WARN_CONSTANT_CONVERSION = YES;
				CLANG_WARN_DEPRECATED_OBJC_IMPLEMENTATIONS = YES;
				CLANG_WARN_DIRECT_OBJC_ISA_USAGE = YES_ERROR;
				CLANG_WARN_DOCUMENTATION_COMMENTS = YES;
				CLANG_WARN_EMPTY_BODY = YES;
				CLANG_WARN_ENUM_CONVERSION = YES;
				CLANG_WARN_INFINITE_RECURSION = YES;
				CLANG_WARN_INT_CONVERSION = YES;
				CLANG_WARN_NON_LITERAL_NULL_CONVERSION = YES;
				CLANG_WARN_OBJC_IMPLICIT_RETAIN_SELF = YES;
				CLANG_WARN_OBJC_LITERAL_CONVERSION = YES;
				CLANG_WARN_OBJC_ROOT_CLASS = YES_ERROR;
				CLANG_WARN_RANGE_LOOP_ANALYSIS = YES;
				CLANG_WARN_STRICT_PROTOTYPES = YES;
				CLANG_WARN_SUSPICIOUS_MOVE = YES;
				CLANG_WARN_UNGUARDED_AVAILABILITY = YES_AGGRESSIVE;
				CLANG_WARN_UNREACHABLE_CODE = YES;
				CLANG_WARN__DUPLICATE_METHOD_MATCH = YES;
				CODE_SIGN_IDENTITY = "iPhone Developer";
				COPY_PHASE_STRIP = NO;
				DEBUG_INFORMATION_FORMAT = "dwarf-with-dsym";
				ENABLE_NS_ASSERTIONS = NO;
				ENABLE_STRICT_OBJC_MSGSEND = YES;
				GCC_C_LANGUAGE_STANDARD = gnu11;
				GCC_NO_COMMON_BLOCKS = YES;
				GCC_WARN_64_TO_32_BIT_CONVERSION = YES;
				GCC_WARN_ABOUT_RETURN_TYPE = YES_ERROR;
				GCC_WARN_UNDECLARED_SELECTOR = YES;
				GCC_WARN_UNINITIALIZED_AUTOS = YES_AGGRESSIVE;
				GCC_WARN_UNUSED_FUNCTION = YES;
				GCC_WARN_UNUSED_VARIABLE = YES;
				IPHONEOS_DEPLOYMENT_TARGET = 12.2;
				MTL_ENABLE_DEBUG_INFO = NO;
				MTL_FAST_MATH = YES;
				SDKROOT = iphoneos;
				SWIFT_COMPILATION_MODE = wholemodule;
				SWIFT_OPTIMIZATION_LEVEL = "-O";
				VALIDATE_PRODUCT = YES;
			};
			name = Release;
		};
		11938495229FE79100885C02 /* Debug */ = {
			isa = XCBuildConfiguration;
			buildSettings = {
				ASSETCATALOG_COMPILER_APPICON_NAME = AppIcon;
				CODE_SIGN_STYLE = Automatic;
				DEVELOPMENT_TEAM = R37BB3C53Q;
				INFOPLIST_FILE = UnitTestsSwift/Info.plist;
				LD_RUNPATH_SEARCH_PATHS = (
					"$(inherited)",
					"@executable_path/Frameworks",
				);
				PRODUCT_BUNDLE_IDENTIFIER = SMIT.UnitTestsSwift;
				PRODUCT_NAME = "$(TARGET_NAME)";
				SWIFT_VERSION = 5.0;
				TARGETED_DEVICE_FAMILY = "1,2";
			};
			name = Debug;
		};
		11938496229FE79100885C02 /* Release */ = {
			isa = XCBuildConfiguration;
			buildSettings = {
				ASSETCATALOG_COMPILER_APPICON_NAME = AppIcon;
				CODE_SIGN_STYLE = Automatic;
				DEVELOPMENT_TEAM = R37BB3C53Q;
				INFOPLIST_FILE = UnitTestsSwift/Info.plist;
				LD_RUNPATH_SEARCH_PATHS = (
					"$(inherited)",
					"@executable_path/Frameworks",
				);
				PRODUCT_BUNDLE_IDENTIFIER = SMIT.UnitTestsSwift;
				PRODUCT_NAME = "$(TARGET_NAME)";
				SWIFT_VERSION = 5.0;
				TARGETED_DEVICE_FAMILY = "1,2";
			};
			name = Release;
		};
		11938498229FE79100885C02 /* Debug */ = {
			isa = XCBuildConfiguration;
			buildSettings = {
				ALWAYS_EMBED_SWIFT_STANDARD_LIBRARIES = YES;
				BUNDLE_LOADER = "$(TEST_HOST)";
				CODE_SIGN_STYLE = Automatic;
				DEVELOPMENT_TEAM = R37BB3C53Q;
				INFOPLIST_FILE = UnitTestsSwiftTests/Info.plist;
				LD_RUNPATH_SEARCH_PATHS = (
					"$(inherited)",
					"@executable_path/Frameworks",
					"@loader_path/Frameworks",
				);
				PRODUCT_BUNDLE_IDENTIFIER = SMIT.UnitTestsSwiftTests;
				PRODUCT_NAME = "$(TARGET_NAME)";
				SWIFT_VERSION = 5.0;
				TARGETED_DEVICE_FAMILY = "1,2";
				TEST_HOST = "$(BUILT_PRODUCTS_DIR)/UnitTestsSwift.app/UnitTestsSwift";
			};
			name = Debug;
		};
		11938499229FE79100885C02 /* Release */ = {
			isa = XCBuildConfiguration;
			buildSettings = {
				ALWAYS_EMBED_SWIFT_STANDARD_LIBRARIES = YES;
				BUNDLE_LOADER = "$(TEST_HOST)";
				CODE_SIGN_STYLE = Automatic;
				DEVELOPMENT_TEAM = R37BB3C53Q;
				INFOPLIST_FILE = UnitTestsSwiftTests/Info.plist;
				LD_RUNPATH_SEARCH_PATHS = (
					"$(inherited)",
					"@executable_path/Frameworks",
					"@loader_path/Frameworks",
				);
				PRODUCT_BUNDLE_IDENTIFIER = SMIT.UnitTestsSwiftTests;
				PRODUCT_NAME = "$(TARGET_NAME)";
				SWIFT_VERSION = 5.0;
				TARGETED_DEVICE_FAMILY = "1,2";
				TEST_HOST = "$(BUILT_PRODUCTS_DIR)/UnitTestsSwift.app/UnitTestsSwift";
			};
			name = Release;
		};
/* End XCBuildConfiguration section */

/* Begin XCConfigurationList section */
		1193846F229FE78C00885C02 /* Build configuration list for PBXProject "UnitTestsSwift" */ = {
			isa = XCConfigurationList;
			buildConfigurations = (
				11938492229FE79100885C02 /* Debug */,
				11938493229FE79100885C02 /* Release */,
			);
			defaultConfigurationIsVisible = 0;
			defaultConfigurationName = Release;
		};
		11938494229FE79100885C02 /* Build configuration list for PBXNativeTarget "UnitTestsSwift" */ = {
			isa = XCConfigurationList;
			buildConfigurations = (
				11938495229FE79100885C02 /* Debug */,
				11938496229FE79100885C02 /* Release */,
			);
			defaultConfigurationIsVisible = 0;
			defaultConfigurationName = Release;
		};
		11938497229FE79100885C02 /* Build configuration list for PBXNativeTarget "UnitTestsSwiftTests" */ = {
			isa = XCConfigurationList;
			buildConfigurations = (
				11938498229FE79100885C02 /* Debug */,
				11938499229FE79100885C02 /* Release */,
			);
			defaultConfigurationIsVisible = 0;
			defaultConfigurationName = Release;
		};
/* End XCConfigurationList section */

/* Begin XCVersionGroup section */
		1193847E229FE78C00885C02 /* UnitTestsSwift.xcdatamodeld */ = {
			isa = XCVersionGroup;
			children = (
				1193847F229FE78C00885C02 /* UnitTestsSwift.xcdatamodel */,
			);
			currentVersion = 1193847F229FE78C00885C02 /* UnitTestsSwift.xcdatamodel */;
			path = UnitTestsSwift.xcdatamodeld;
			sourceTree = "<group>";
			versionGroupType = wrapper.xcdatamodel;
		};
/* End XCVersionGroup section */
	};
	rootObject = 1193846C229FE78C00885C02 /* Project object */;
}
